{
  "originHash" : "24c9b537edc97e78b818643229d2fcd1e941b8d58f6dfb4bf2cfbc016f6102a6",
  "pins" : [
    {
      "identity" : "martin",
      "kind" : "remoteSourceControl",
      "location" : "https://github.com/tigase/Martin.git",
      "state" : {
        "revision" : "1d70e9e7eb51a7faa500832be6400a39f86083f7",
        "version" : "3.2.4"
      }
    },
    {
      "identity" : "tigase-logging.swift",
      "kind" : "remoteSourceControl",
      "location" : "https://github.com/tigase/tigase-logging.swift",
      "state" : {
        "revision" : "382e2e85e64f8b1e3fcb71a996a030bf1b62ecb3",
        "version" : "1.0.0"
      }
    }
  ],
  "version" : 3
}
